<?xml version="1.0" encoding="utf-8"?>
<Project ToolsVersion="4.0" xmlns="http://schemas.microsoft.com/developer/msbuild/2003">
  <ItemGroup>
    <Filter Include="源文件">
      <UniqueIdentifier>{4FC737F1-C7A5-4376-A066-2A32D752A2FF}</UniqueIdentifier>
      <Extensions>cpp;c;cc;cxx;c++;cppm;ixx;def;odl;idl;hpj;bat;asm;asmx</Extensions>
    </Filter>
    <Filter Include="头文件">
      <UniqueIdentifier>{93995380-89BD-4b04-88EB-625FBE52EBFB}</UniqueIdentifier>
      <Extensions>h;hh;hpp;hxx;h++;hm;inl;inc;ipp;xsd</Extensions>
    </Filter>
    <Filter Include="资源文件">
      <UniqueIdentifier>{67DA6AB6-F800-4c08-8B7A-83BB121AAD01}</UniqueIdentifier>
      <Extensions>rc;ico;cur;bmp;dlg;rc2;rct;bin;rgs;gif;jpg;jpeg;jpe;resx;tiff;tif;png;wav;mfcribbon-ms</Extensions>
    </Filter>
  </ItemGroup>
  <ItemGroup>
    <ClInclude Include="1Note.h">
      <Filter>头文件</Filter>
    </ClInclude>
    <ClInclude Include="Test.h">
      <Filter>头文件</Filter>
    </ClInclude>
    <ClInclude Include="1Date.h">
      <Filter>头文件</Filter>
    </ClInclude>
    <ClInclude Include="1GitNote.h">
      <Filter>头文件</Filter>
    </ClInclude>
    <ClInclude Include="1OnlineJudge.h">
      <Filter>头文件</Filter>
    </ClInclude>
    <ClInclude Include="1STL.h">
      <Filter>头文件</Filter>
    </ClInclude>
    <ClInclude Include="1string.h">
      <Filter>头文件</Filter>
    </ClInclude>
    <ClInclude Include="1算法总结.h">
      <Filter>头文件</Filter>
    </ClInclude>
    <ClInclude Include="10myString.h">
      <Filter>头文件</Filter>
    </ClInclude>
    <ClInclude Include="11myVector.h">
      <Filter>头文件</Filter>
    </ClInclude>
    <ClInclude Include="1algorithm.h">
      <Filter>头文件</Filter>
    </ClInclude>
    <ClInclude Include="12myList.h">
      <Filter>头文件</Filter>
    </ClInclude>
    <ClInclude Include="13myStack.h">
      <Filter>头文件</Filter>
    </ClInclude>
    <ClInclude Include="14myQueue.h">
      <Filter>头文件</Filter>
    </ClInclude>
    <ClInclude Include="15myPriority_Queue.h">
      <Filter>头文件</Filter>
    </ClInclude>
    <ClInclude Include="16my_Itetator.h">
      <Filter>头文件</Filter>
    </ClInclude>
    <ClInclude Include="2Note.h">
      <Filter>头文件</Filter>
    </ClInclude>
    <ClInclude Include="20inheritance.h">
      <Filter>头文件</Filter>
    </ClInclude>
    <ClInclude Include="21polymorphism.h">
      <Filter>头文件</Filter>
    </ClInclude>
    <ClInclude Include="22BST.h">
      <Filter>头文件</Filter>
    </ClInclude>
  </ItemGroup>
  <ItemGroup>
    <ClCompile Include="1Date.cpp">
      <Filter>源文件</Filter>
    </ClCompile>
    <ClCompile Include="library_Test.cpp">
      <Filter>源文件</Filter>
    </ClCompile>
    <ClCompile Include="MyContainersTest.cpp">
      <Filter>源文件</Filter>
    </ClCompile>
    <ClCompile Include="test.cpp">
      <Filter>源文件</Filter>
    </ClCompile>
  </ItemGroup>
  <ItemGroup>
    <ResourceCompile Include="Cpp_Test.rc">
      <Filter>资源文件</Filter>
    </ResourceCompile>
  </ItemGroup>
</Project>